
Microsoft Visual Studio Solution File, Format Version 12.00
# Visual Studio 2012
Project("{FAE04EC0-301F-11D3-BF4B-00C04F79EFBC}") = "inunotaisho", "Inunotaisho\Inunotaisho.csproj", "{081F0D29-7810-4434-836B-EEF66440A85B}"
EndProject
Global
	GlobalSection(SolutionConfigurationPlatforms) = preSolution
		Debug|Any CPU = Debug|Any CPU
		Release|Any CPU = Release|Any CPU
	EndGlobalSection
	GlobalSection(ProjectConfigurationPlatforms) = postSolution
		{081F0D29-7810-4434-836B-EEF66440A85B}.Debug|Any CPU.ActiveCfg = Debug|Any CPU
		{081F0D29-7810-4434-836B-EEF66440A85B}.Debug|Any CPU.Build.0 = Debug|Any CPU
		{081F0D29-7810-4434-836B-EEF66440A85B}.Release|Any CPU.ActiveCfg = Release|Any CPU
		{081F0D29-7810-4434-836B-EEF66440A85B}.Release|Any CPU.Build.0 = Release|Any CPU
	EndGlobalSection
EndGlobal
